
Microsoft Visual Studio Solution File, Format Version 12.00
# Visual Studio Version 17
VisualStudioVersion = 17.0.31903.59
MinimumVisualStudioVersion = 10.0.40219.1
Project("{FAE04EC0-301F-11D3-BF4B-00C04F79EFBC}") = "HandCare.HandShakeScheduler.API", "HandCare.HandShakeScheduler.API\HandCare.HandShakeScheduler.API.csproj", "{AC17EB87-FEDE-4543-B884-90FA77BB1D3F}"
EndProject
Project("{FAE04EC0-301F-11D3-BF4B-00C04F79EFBC}") = "HandCare.Core", "HandCare.Core\HandCare.Core.csproj", "{E1BCDC22-E5E4-4B43-BA60-DD4778F0FF96}"
EndProject
Project("{FAE04EC0-301F-11D3-BF4B-00C04F79EFBC}") = "HandCare.Data", "HandCare.Data\HandCare.Data.csproj", "{0FE49DF8-E043-4C39-A102-0A2F27C20FF4}"
EndProject
Global
	GlobalSection(SolutionConfigurationPlatforms) = preSolution
		Debug|Any CPU = Debug|Any CPU
		Release|Any CPU = Release|Any CPU
	EndGlobalSection
	GlobalSection(ProjectConfigurationPlatforms) = postSolution
		{AC17EB87-FEDE-4543-B884-90FA77BB1D3F}.Debug|Any CPU.ActiveCfg = Debug|Any CPU
		{AC17EB87-FEDE-4543-B884-90FA77BB1D3F}.Debug|Any CPU.Build.0 = Debug|Any CPU
		{AC17EB87-FEDE-4543-B884-90FA77BB1D3F}.Release|Any CPU.ActiveCfg = Release|Any CPU
		{AC17EB87-FEDE-4543-B884-90FA77BB1D3F}.Release|Any CPU.Build.0 = Release|Any CPU
		{E1BCDC22-E5E4-4B43-BA60-DD4778F0FF96}.Debug|Any CPU.ActiveCfg = Debug|Any CPU
		{E1BCDC22-E5E4-4B43-BA60-DD4778F0FF96}.Debug|Any CPU.Build.0 = Debug|Any CPU
		{E1BCDC22-E5E4-4B43-BA60-DD4778F0FF96}.Release|Any CPU.ActiveCfg = Release|Any CPU
		{E1BCDC22-E5E4-4B43-BA60-DD4778F0FF96}.Release|Any CPU.Build.0 = Release|Any CPU
		{0FE49DF8-E043-4C39-A102-0A2F27C20FF4}.Debug|Any CPU.ActiveCfg = Debug|Any CPU
		{0FE49DF8-E043-4C39-A102-0A2F27C20FF4}.Debug|Any CPU.Build.0 = Debug|Any CPU
		{0FE49DF8-E043-4C39-A102-0A2F27C20FF4}.Release|Any CPU.ActiveCfg = Release|Any CPU
		{0FE49DF8-E043-4C39-A102-0A2F27C20FF4}.Release|Any CPU.Build.0 = Release|Any CPU
	EndGlobalSection
	GlobalSection(SolutionProperties) = preSolution
		HideSolutionNode = FALSE
	EndGlobalSection
	GlobalSection(ExtensibilityGlobals) = postSolution
		SolutionGuid = {6BBF3287-EB0F-45A6-9B1A-8D37984A3284}
	EndGlobalSection
EndGlobal
